
Microsoft Visual Studio Solution File, Format Version 12.00
# Visual Studio Version 16
VisualStudioVersion = 16.0.28922.388
MinimumVisualStudioVersion = 10.0.40219.1
Project("{FAE04EC0-301F-11D3-BF4B-00C04F79EFBC}") = "BIBLIOTECANERD", "BIBLIOTECANERD\BIBLIOTECANERD.csproj", "{13C6D806-13D3-452D-A559-477CFF2C4ECE}"
EndProject
Project("{2150E333-8FDC-42A3-9474-1A3956D46DE8}") = "src", "src", "{E870EFD8-5078-49E1-B784-EED76ABC22CF}"
EndProject
Project("{FAE04EC0-301F-11D3-BF4B-00C04F79EFBC}") = "WTSTECH.BIBLIOTECANERD.DOMINIO.SHARED", "WTSTECH.BIBLIOTECANERD.DOMINIO.SHARED\WTSTECH.BIBLIOTECANERD.DOMINIO.SHARED.csproj", "{A450219F-544E-42AD-B694-A72BD32D4A10}"
EndProject
Project("{FAE04EC0-301F-11D3-BF4B-00C04F79EFBC}") = "WTSTECH.BIBLIOTECANERD.DOMINIO.CORE", "WTSTECH.BIBLIOTECANERD.DOMINIO.CORE\WTSTECH.BIBLIOTECANERD.DOMINIO.CORE.csproj", "{D17E446E-3EF4-4AE6-9463-A30CC2CC5439}"
EndProject
Project("{FAE04EC0-301F-11D3-BF4B-00C04F79EFBC}") = "WTSTECH.BIBLIOTECANERD.INFRA.DADOS", "WTSTECH.BIBLIOTECANERD.INFRA.DADOS\WTSTECH.BIBLIOTECANERD.INFRA.DADOS.csproj", "{88284876-CC78-4411-A67C-71E50D27BCD1}"
EndProject
Global
	GlobalSection(SolutionConfigurationPlatforms) = preSolution
		Debug|Any CPU = Debug|Any CPU
		Release|Any CPU = Release|Any CPU
	EndGlobalSection
	GlobalSection(ProjectConfigurationPlatforms) = postSolution
		{13C6D806-13D3-452D-A559-477CFF2C4ECE}.Debug|Any CPU.ActiveCfg = Debug|Any CPU
		{13C6D806-13D3-452D-A559-477CFF2C4ECE}.Debug|Any CPU.Build.0 = Debug|Any CPU
		{13C6D806-13D3-452D-A559-477CFF2C4ECE}.Release|Any CPU.ActiveCfg = Release|Any CPU
		{13C6D806-13D3-452D-A559-477CFF2C4ECE}.Release|Any CPU.Build.0 = Release|Any CPU
		{A450219F-544E-42AD-B694-A72BD32D4A10}.Debug|Any CPU.ActiveCfg = Debug|Any CPU
		{A450219F-544E-42AD-B694-A72BD32D4A10}.Debug|Any CPU.Build.0 = Debug|Any CPU
		{A450219F-544E-42AD-B694-A72BD32D4A10}.Release|Any CPU.ActiveCfg = Release|Any CPU
		{A450219F-544E-42AD-B694-A72BD32D4A10}.Release|Any CPU.Build.0 = Release|Any CPU
		{D17E446E-3EF4-4AE6-9463-A30CC2CC5439}.Debug|Any CPU.ActiveCfg = Debug|Any CPU
		{D17E446E-3EF4-4AE6-9463-A30CC2CC5439}.Debug|Any CPU.Build.0 = Debug|Any CPU
		{D17E446E-3EF4-4AE6-9463-A30CC2CC5439}.Release|Any CPU.ActiveCfg = Release|Any CPU
		{D17E446E-3EF4-4AE6-9463-A30CC2CC5439}.Release|Any CPU.Build.0 = Release|Any CPU
		{88284876-CC78-4411-A67C-71E50D27BCD1}.Debug|Any CPU.ActiveCfg = Debug|Any CPU
		{88284876-CC78-4411-A67C-71E50D27BCD1}.Debug|Any CPU.Build.0 = Debug|Any CPU
		{88284876-CC78-4411-A67C-71E50D27BCD1}.Release|Any CPU.ActiveCfg = Release|Any CPU
		{88284876-CC78-4411-A67C-71E50D27BCD1}.Release|Any CPU.Build.0 = Release|Any CPU
	EndGlobalSection
	GlobalSection(SolutionProperties) = preSolution
		HideSolutionNode = FALSE
	EndGlobalSection
	GlobalSection(NestedProjects) = preSolution
		{13C6D806-13D3-452D-A559-477CFF2C4ECE} = {E870EFD8-5078-49E1-B784-EED76ABC22CF}
		{A450219F-544E-42AD-B694-A72BD32D4A10} = {E870EFD8-5078-49E1-B784-EED76ABC22CF}
		{D17E446E-3EF4-4AE6-9463-A30CC2CC5439} = {E870EFD8-5078-49E1-B784-EED76ABC22CF}
		{88284876-CC78-4411-A67C-71E50D27BCD1} = {E870EFD8-5078-49E1-B784-EED76ABC22CF}
	EndGlobalSection
	GlobalSection(ExtensibilityGlobals) = postSolution
		SolutionGuid = {23481AEA-8D53-4394-A09B-7F56B2D52A3A}
	EndGlobalSection
EndGlobal
